// !$*UTF8*$!
{
	archiveVersion = 1;
	classes = {
	};
	objectVersion = 51;
	objects = {

/* Begin PBXBuildFile section */
		13DFF3B300110C203C6267FD /* Pods_AlternaFoodTests.framework in Frameworks */ = {isa = PBXBuildFile; fileRef = DBA1F3224B43D7927AB03BB9 /* Pods_AlternaFoodTests.framework */; };
		545C3AE02566E5DA0095273A /* ViewAvulsa.swift in Sources */ = {isa = PBXBuildFile; fileRef = 545C3ADF2566E5DA0095273A /* ViewAvulsa.swift */; };
		545C3AE82566E5EB0095273A /* ModelAvulsa.swift in Sources */ = {isa = PBXBuildFile; fileRef = 545C3AE72566E5EB0095273A /* ModelAvulsa.swift */; };
		732B1F9025654E3400FEEC4F /* TabBarViewController.swift in Sources */ = {isa = PBXBuildFile; fileRef = 732B1F8F25654E3400FEEC4F /* TabBarViewController.swift */; };
		736CB73F25654A9B00A51F28 /* AppDelegate.swift in Sources */ = {isa = PBXBuildFile; fileRef = 736CB73E25654A9B00A51F28 /* AppDelegate.swift */; };
		736CB74125654A9B00A51F28 /* SceneDelegate.swift in Sources */ = {isa = PBXBuildFile; fileRef = 736CB74025654A9B00A51F28 /* SceneDelegate.swift */; };
		736CB74325654A9B00A51F28 /* ViewController.swift in Sources */ = {isa = PBXBuildFile; fileRef = 736CB74225654A9B00A51F28 /* ViewController.swift */; };
		736CB74925654A9B00A51F28 /* AlternaFood.xcdatamodeld in Sources */ = {isa = PBXBuildFile; fileRef = 736CB74725654A9B00A51F28 /* AlternaFood.xcdatamodeld */; };
		736CB74B25654A9C00A51F28 /* Assets.xcassets in Resources */ = {isa = PBXBuildFile; fileRef = 736CB74A25654A9C00A51F28 /* Assets.xcassets */; };
		736CB74E25654A9C00A51F28 /* LaunchScreen.storyboard in Resources */ = {isa = PBXBuildFile; fileRef = 736CB74C25654A9C00A51F28 /* LaunchScreen.storyboard */; };
		736CB75925654A9C00A51F28 /* AlternaFoodTests.swift in Sources */ = {isa = PBXBuildFile; fileRef = 736CB75825654A9C00A51F28 /* AlternaFoodTests.swift */; };
		736CB76425654A9C00A51F28 /* AlternaFoodUITests.swift in Sources */ = {isa = PBXBuildFile; fileRef = 736CB76325654A9C00A51F28 /* AlternaFoodUITests.swift */; };
		736CB77525654B4600A51F28 /* .gitignore in Resources */ = {isa = PBXBuildFile; fileRef = 736CB77425654B4600A51F28 /* .gitignore */; };
		73895AE525656BFE00D6EC41 /* .swiftlint.yml in Resources */ = {isa = PBXBuildFile; fileRef = 73895AE425656BFE00D6EC41 /* .swiftlint.yml */; };
		7C446860DB50939D3BB6B2E0 /* Pods_AlternaFood_AlternaFoodUITests.framework in Frameworks */ = {isa = PBXBuildFile; fileRef = 11EE89487B3E025F5A0941A7 /* Pods_AlternaFood_AlternaFoodUITests.framework */; };
		9B149A0DE202957D64112E3D /* Pods_AlternaFood.framework in Frameworks */ = {isa = PBXBuildFile; fileRef = 238EB9704482A7BB95D62BCF /* Pods_AlternaFood.framework */; };
		A4A6F45A2566F5AB0094F278 /* CardCollectionViewCell.swift in Sources */ = {isa = PBXBuildFile; fileRef = A4A6F4592566F5AB0094F278 /* CardCollectionViewCell.swift */; };
		A4A6F45F2567F15A0094F278 /* Substitutos.xcassets in Resources */ = {isa = PBXBuildFile; fileRef = A4A6F45E2567F15A0094F278 /* Substitutos.xcassets */; };
/* End PBXBuildFile section */

/* Begin PBXContainerItemProxy section */
		736CB75525654A9C00A51F28 /* PBXContainerItemProxy */ = {
			isa = PBXContainerItemProxy;
			containerPortal = 736CB73325654A9B00A51F28 /* Project object */;
			proxyType = 1;
			remoteGlobalIDString = 736CB73A25654A9B00A51F28;
			remoteInfo = AlternaFood;
		};
		736CB76025654A9C00A51F28 /* PBXContainerItemProxy */ = {
			isa = PBXContainerItemProxy;
			containerPortal = 736CB73325654A9B00A51F28 /* Project object */;
			proxyType = 1;
			remoteGlobalIDString = 736CB73A25654A9B00A51F28;
			remoteInfo = AlternaFood;
		};
/* End PBXContainerItemProxy section */

/* Begin PBXFileReference section */
		11EE89487B3E025F5A0941A7 /* Pods_AlternaFood_AlternaFoodUITests.framework */ = {isa = PBXFileReference; explicitFileType = wrapper.framework; includeInIndex = 0; path = Pods_AlternaFood_AlternaFoodUITests.framework; sourceTree = BUILT_PRODUCTS_DIR; };
		2031DE64EEF3D0649313E037 /* Pods-AlternaFoodTests.debug.xcconfig */ = {isa = PBXFileReference; includeInIndex = 1; lastKnownFileType = text.xcconfig; name = "Pods-AlternaFoodTests.debug.xcconfig"; path = "Target Support Files/Pods-AlternaFoodTests/Pods-AlternaFoodTests.debug.xcconfig"; sourceTree = "<group>"; };
		238EB9704482A7BB95D62BCF /* Pods_AlternaFood.framework */ = {isa = PBXFileReference; explicitFileType = wrapper.framework; includeInIndex = 0; path = Pods_AlternaFood.framework; sourceTree = BUILT_PRODUCTS_DIR; };
		387A051957879E78E8EFAFAE /* Pods-AlternaFood-AlternaFoodUITests.debug.xcconfig */ = {isa = PBXFileReference; includeInIndex = 1; lastKnownFileType = text.xcconfig; name = "Pods-AlternaFood-AlternaFoodUITests.debug.xcconfig"; path = "Target Support Files/Pods-AlternaFood-AlternaFoodUITests/Pods-AlternaFood-AlternaFoodUITests.debug.xcconfig"; sourceTree = "<group>"; };
		43B7FDBDB1CC35A282AC38B4 /* Pods-AlternaFood-AlternaFoodUITests.release.xcconfig */ = {isa = PBXFileReference; includeInIndex = 1; lastKnownFileType = text.xcconfig; name = "Pods-AlternaFood-AlternaFoodUITests.release.xcconfig"; path = "Target Support Files/Pods-AlternaFood-AlternaFoodUITests/Pods-AlternaFood-AlternaFoodUITests.release.xcconfig"; sourceTree = "<group>"; };
		545C3ADF2566E5DA0095273A /* ViewAvulsa.swift */ = {isa = PBXFileReference; lastKnownFileType = sourcecode.swift; path = ViewAvulsa.swift; sourceTree = "<group>"; };
		545C3AE72566E5EB0095273A /* ModelAvulsa.swift */ = {isa = PBXFileReference; lastKnownFileType = sourcecode.swift; path = ModelAvulsa.swift; sourceTree = "<group>"; };
		68EAA788885F92D28359BC2F /* Pods-AlternaFoodTests.release.xcconfig */ = {isa = PBXFileReference; includeInIndex = 1; lastKnownFileType = text.xcconfig; name = "Pods-AlternaFoodTests.release.xcconfig"; path = "Target Support Files/Pods-AlternaFoodTests/Pods-AlternaFoodTests.release.xcconfig"; sourceTree = "<group>"; };
		732B1F8F25654E3400FEEC4F /* TabBarViewController.swift */ = {isa = PBXFileReference; lastKnownFileType = sourcecode.swift; path = TabBarViewController.swift; sourceTree = "<group>"; };
		736CB73B25654A9B00A51F28 /* AlternaFood.app */ = {isa = PBXFileReference; explicitFileType = wrapper.application; includeInIndex = 0; path = AlternaFood.app; sourceTree = BUILT_PRODUCTS_DIR; };
		736CB73E25654A9B00A51F28 /* AppDelegate.swift */ = {isa = PBXFileReference; lastKnownFileType = sourcecode.swift; path = AppDelegate.swift; sourceTree = "<group>"; };
		736CB74025654A9B00A51F28 /* SceneDelegate.swift */ = {isa = PBXFileReference; lastKnownFileType = sourcecode.swift; path = SceneDelegate.swift; sourceTree = "<group>"; };
		736CB74225654A9B00A51F28 /* ViewController.swift */ = {isa = PBXFileReference; lastKnownFileType = sourcecode.swift; path = ViewController.swift; sourceTree = "<group>"; };
		736CB74825654A9B00A51F28 /* AlternaFood.xcdatamodel */ = {isa = PBXFileReference; lastKnownFileType = wrapper.xcdatamodel; path = AlternaFood.xcdatamodel; sourceTree = "<group>"; };
		736CB74A25654A9C00A51F28 /* Assets.xcassets */ = {isa = PBXFileReference; lastKnownFileType = folder.assetcatalog; path = Assets.xcassets; sourceTree = "<group>"; };
		736CB74D25654A9C00A51F28 /* Base */ = {isa = PBXFileReference; lastKnownFileType = file.storyboard; name = Base; path = Base.lproj/LaunchScreen.storyboard; sourceTree = "<group>"; };
		736CB74F25654A9C00A51F28 /* Info.plist */ = {isa = PBXFileReference; lastKnownFileType = text.plist.xml; path = Info.plist; sourceTree = "<group>"; };
		736CB75425654A9C00A51F28 /* AlternaFoodTests.xctest */ = {isa = PBXFileReference; explicitFileType = wrapper.cfbundle; includeInIndex = 0; path = AlternaFoodTests.xctest; sourceTree = BUILT_PRODUCTS_DIR; };
		736CB75825654A9C00A51F28 /* AlternaFoodTests.swift */ = {isa = PBXFileReference; lastKnownFileType = sourcecode.swift; path = AlternaFoodTests.swift; sourceTree = "<group>"; };
		736CB75A25654A9C00A51F28 /* Info.plist */ = {isa = PBXFileReference; lastKnownFileType = text.plist.xml; path = Info.plist; sourceTree = "<group>"; };
		736CB75F25654A9C00A51F28 /* AlternaFoodUITests.xctest */ = {isa = PBXFileReference; explicitFileType = wrapper.cfbundle; includeInIndex = 0; path = AlternaFoodUITests.xctest; sourceTree = BUILT_PRODUCTS_DIR; };
		736CB76325654A9C00A51F28 /* AlternaFoodUITests.swift */ = {isa = PBXFileReference; lastKnownFileType = sourcecode.swift; path = AlternaFoodUITests.swift; sourceTree = "<group>"; };
		736CB76525654A9C00A51F28 /* Info.plist */ = {isa = PBXFileReference; lastKnownFileType = text.plist.xml; path = Info.plist; sourceTree = "<group>"; };
		736CB77425654B4600A51F28 /* .gitignore */ = {isa = PBXFileReference; lastKnownFileType = text; path = .gitignore; sourceTree = "<group>"; };
		73895AE425656BFE00D6EC41 /* .swiftlint.yml */ = {isa = PBXFileReference; lastKnownFileType = text.yaml; path = .swiftlint.yml; sourceTree = "<group>"; };
		762FD369B4931FC03F82714C /* Pods-AlternaFood.release.xcconfig */ = {isa = PBXFileReference; includeInIndex = 1; lastKnownFileType = text.xcconfig; name = "Pods-AlternaFood.release.xcconfig"; path = "Target Support Files/Pods-AlternaFood/Pods-AlternaFood.release.xcconfig"; sourceTree = "<group>"; };
		970D70D61FDE500B93A93E17 /* Pods-AlternaFood.debug.xcconfig */ = {isa = PBXFileReference; includeInIndex = 1; lastKnownFileType = text.xcconfig; name = "Pods-AlternaFood.debug.xcconfig"; path = "Target Support Files/Pods-AlternaFood/Pods-AlternaFood.debug.xcconfig"; sourceTree = "<group>"; };
		A4A6F4592566F5AB0094F278 /* CardCollectionViewCell.swift */ = {isa = PBXFileReference; lastKnownFileType = sourcecode.swift; path = CardCollectionViewCell.swift; sourceTree = "<group>"; };
		A4A6F45E2567F15A0094F278 /* Substitutos.xcassets */ = {isa = PBXFileReference; lastKnownFileType = folder.assetcatalog; path = Substitutos.xcassets; sourceTree = "<group>"; };
		DBA1F3224B43D7927AB03BB9 /* Pods_AlternaFoodTests.framework */ = {isa = PBXFileReference; explicitFileType = wrapper.framework; includeInIndex = 0; path = Pods_AlternaFoodTests.framework; sourceTree = BUILT_PRODUCTS_DIR; };
/* End PBXFileReference section */

/* Begin PBXFrameworksBuildPhase section */
		736CB73825654A9B00A51F28 /* Frameworks */ = {
			isa = PBXFrameworksBuildPhase;
			buildActionMask = 2147483647;
			files = (
				9B149A0DE202957D64112E3D /* Pods_AlternaFood.framework in Frameworks */,
			);
			runOnlyForDeploymentPostprocessing = 0;
		};
		736CB75125654A9C00A51F28 /* Frameworks */ = {
			isa = PBXFrameworksBuildPhase;
			buildActionMask = 2147483647;
			files = (
				13DFF3B300110C203C6267FD /* Pods_AlternaFoodTests.framework in Frameworks */,
			);
			runOnlyForDeploymentPostprocessing = 0;
		};
		736CB75C25654A9C00A51F28 /* Frameworks */ = {
			isa = PBXFrameworksBuildPhase;
			buildActionMask = 2147483647;
			files = (
				7C446860DB50939D3BB6B2E0 /* Pods_AlternaFood_AlternaFoodUITests.framework in Frameworks */,
			);
			runOnlyForDeploymentPostprocessing = 0;
		};
/* End PBXFrameworksBuildPhase section */

/* Begin PBXGroup section */
		545C3ADD2566E5B40095273A /* View */ = {
			isa = PBXGroup;
			children = (
				545C3ADF2566E5DA0095273A /* ViewAvulsa.swift */,
				A4A6F4592566F5AB0094F278 /* CardCollectionViewCell.swift */,
			);
			path = View;
			sourceTree = "<group>";
		};
		545C3ADE2566E5BB0095273A /* Model */ = {
			isa = PBXGroup;
			children = (
				545C3AE72566E5EB0095273A /* ModelAvulsa.swift */,
			);
			path = Model;
			sourceTree = "<group>";
		};
		736CB73225654A9B00A51F28 = {
			isa = PBXGroup;
			children = (
				73895AE425656BFE00D6EC41 /* .swiftlint.yml */,
				736CB77425654B4600A51F28 /* .gitignore */,
				736CB73D25654A9B00A51F28 /* AlternaFood */,
				736CB75725654A9C00A51F28 /* AlternaFoodTests */,
				736CB76225654A9C00A51F28 /* AlternaFoodUITests */,
				736CB73C25654A9B00A51F28 /* Products */,
				CEA9897E991FC4F1EC9F8707 /* Pods */,
				D9F47A1EC2F84AC97C1F3559 /* Frameworks */,
			);
			sourceTree = "<group>";
		};
		736CB73C25654A9B00A51F28 /* Products */ = {
			isa = PBXGroup;
			children = (
				736CB73B25654A9B00A51F28 /* AlternaFood.app */,
				736CB75425654A9C00A51F28 /* AlternaFoodTests.xctest */,
				736CB75F25654A9C00A51F28 /* AlternaFoodUITests.xctest */,
			);
			name = Products;
			sourceTree = "<group>";
		};
		736CB73D25654A9B00A51F28 /* AlternaFood */ = {
			isa = PBXGroup;
			children = (
				A4A6F43F2566EFC80094F278 /* Extensions */,
				545C3ADE2566E5BB0095273A /* Model */,
				545C3ADD2566E5B40095273A /* View */,
				736CB77B25654B7A00A51F28 /* Controller */,
				736CB73E25654A9B00A51F28 /* AppDelegate.swift */,
				736CB74025654A9B00A51F28 /* SceneDelegate.swift */,
				736CB74A25654A9C00A51F28 /* Assets.xcassets */,
				736CB74C25654A9C00A51F28 /* LaunchScreen.storyboard */,
				736CB74F25654A9C00A51F28 /* Info.plist */,
				736CB74725654A9B00A51F28 /* AlternaFood.xcdatamodeld */,
				A4A6F45E2567F15A0094F278 /* Substitutos.xcassets */,
			);
			path = AlternaFood;
			sourceTree = "<group>";
		};
		736CB75725654A9C00A51F28 /* AlternaFoodTests */ = {
			isa = PBXGroup;
			children = (
				736CB75825654A9C00A51F28 /* AlternaFoodTests.swift */,
				736CB75A25654A9C00A51F28 /* Info.plist */,
			);
			path = AlternaFoodTests;
			sourceTree = "<group>";
		};
		736CB76225654A9C00A51F28 /* AlternaFoodUITests */ = {
			isa = PBXGroup;
			children = (
				736CB76325654A9C00A51F28 /* AlternaFoodUITests.swift */,
				736CB76525654A9C00A51F28 /* Info.plist */,
			);
			path = AlternaFoodUITests;
			sourceTree = "<group>";
		};
		736CB77B25654B7A00A51F28 /* Controller */ = {
			isa = PBXGroup;
			children = (
				736CB74225654A9B00A51F28 /* ViewController.swift */,
				732B1F8F25654E3400FEEC4F /* TabBarViewController.swift */,
			);
			path = Controller;
			sourceTree = "<group>";
		};
		A4A6F43F2566EFC80094F278 /* Extensions */ = {
			isa = PBXGroup;
			children = (
			);
			path = Extensions;
			sourceTree = "<group>";
		};
		CEA9897E991FC4F1EC9F8707 /* Pods */ = {
			isa = PBXGroup;
			children = (
				970D70D61FDE500B93A93E17 /* Pods-AlternaFood.debug.xcconfig */,
				762FD369B4931FC03F82714C /* Pods-AlternaFood.release.xcconfig */,
				387A051957879E78E8EFAFAE /* Pods-AlternaFood-AlternaFoodUITests.debug.xcconfig */,
				43B7FDBDB1CC35A282AC38B4 /* Pods-AlternaFood-AlternaFoodUITests.release.xcconfig */,
				2031DE64EEF3D0649313E037 /* Pods-AlternaFoodTests.debug.xcconfig */,
				68EAA788885F92D28359BC2F /* Pods-AlternaFoodTests.release.xcconfig */,
			);
			path = Pods;
			sourceTree = "<group>";
		};
		D9F47A1EC2F84AC97C1F3559 /* Frameworks */ = {
			isa = PBXGroup;
			children = (
				238EB9704482A7BB95D62BCF /* Pods_AlternaFood.framework */,
				11EE89487B3E025F5A0941A7 /* Pods_AlternaFood_AlternaFoodUITests.framework */,
				DBA1F3224B43D7927AB03BB9 /* Pods_AlternaFoodTests.framework */,
			);
			name = Frameworks;
			sourceTree = "<group>";
		};
/* End PBXGroup section */

/* Begin PBXNativeTarget section */
		736CB73A25654A9B00A51F28 /* AlternaFood */ = {
			isa = PBXNativeTarget;
			buildConfigurationList = 736CB76825654A9C00A51F28 /* Build configuration list for PBXNativeTarget "AlternaFood" */;
			buildPhases = (
				EC30E9D825B8089DD9DEB150 /* [CP] Check Pods Manifest.lock */,
				736CB73725654A9B00A51F28 /* Sources */,
				736CB73825654A9B00A51F28 /* Frameworks */,
				736CB73925654A9B00A51F28 /* Resources */,
				732B1F942565510100FEEC4F /* ShellScript */,
				F53BE7F41B9F4BA837235734 /* [CP] Embed Pods Frameworks */,
			);
			buildRules = (
			);
			dependencies = (
			);
			name = AlternaFood;
			productName = AlternaFood;
			productReference = 736CB73B25654A9B00A51F28 /* AlternaFood.app */;
			productType = "com.apple.product-type.application";
		};
		736CB75325654A9C00A51F28 /* AlternaFoodTests */ = {
			isa = PBXNativeTarget;
			buildConfigurationList = 736CB76B25654A9C00A51F28 /* Build configuration list for PBXNativeTarget "AlternaFoodTests" */;
			buildPhases = (
				225BC9C9D3CE21678F1249DB /* [CP] Check Pods Manifest.lock */,
				736CB75025654A9C00A51F28 /* Sources */,
				736CB75125654A9C00A51F28 /* Frameworks */,
				736CB75225654A9C00A51F28 /* Resources */,
			);
			buildRules = (
			);
			dependencies = (
				736CB75625654A9C00A51F28 /* PBXTargetDependency */,
			);
			name = AlternaFoodTests;
			productName = AlternaFoodTests;
			productReference = 736CB75425654A9C00A51F28 /* AlternaFoodTests.xctest */;
			productType = "com.apple.product-type.bundle.unit-test";
		};
		736CB75E25654A9C00A51F28 /* AlternaFoodUITests */ = {
			isa = PBXNativeTarget;
			buildConfigurationList = 736CB76E25654A9C00A51F28 /* Build configuration list for PBXNativeTarget "AlternaFoodUITests" */;
			buildPhases = (
				954662114C23006FF1A33B53 /* [CP] Check Pods Manifest.lock */,
				736CB75B25654A9C00A51F28 /* Sources */,
				736CB75C25654A9C00A51F28 /* Frameworks */,
				736CB75D25654A9C00A51F28 /* Resources */,
				DF500589AF913A6B50FE33A8 /* [CP] Embed Pods Frameworks */,
			);
			buildRules = (
			);
			dependencies = (
				736CB76125654A9C00A51F28 /* PBXTargetDependency */,
			);
			name = AlternaFoodUITests;
			productName = AlternaFoodUITests;
			productReference = 736CB75F25654A9C00A51F28 /* AlternaFoodUITests.xctest */;
			productType = "com.apple.product-type.bundle.ui-testing";
		};
/* End PBXNativeTarget section */

/* Begin PBXProject section */
		736CB73325654A9B00A51F28 /* Project object */ = {
			isa = PBXProject;
			attributes = {
				LastSwiftUpdateCheck = 1220;
				LastUpgradeCheck = 1220;
				TargetAttributes = {
					736CB73A25654A9B00A51F28 = {
						CreatedOnToolsVersion = 12.2;
					};
					736CB75325654A9C00A51F28 = {
						CreatedOnToolsVersion = 12.2;
						TestTargetID = 736CB73A25654A9B00A51F28;
					};
					736CB75E25654A9C00A51F28 = {
						CreatedOnToolsVersion = 12.2;
						TestTargetID = 736CB73A25654A9B00A51F28;
					};
				};
			};
			buildConfigurationList = 736CB73625654A9B00A51F28 /* Build configuration list for PBXProject "AlternaFood" */;
			compatibilityVersion = "Xcode 9.3";
			developmentRegion = en;
			hasScannedForEncodings = 0;
			knownRegions = (
				en,
				Base,
			);
			mainGroup = 736CB73225654A9B00A51F28;
			productRefGroup = 736CB73C25654A9B00A51F28 /* Products */;
			projectDirPath = "";
			projectRoot = "";
			targets = (
				736CB73A25654A9B00A51F28 /* AlternaFood */,
				736CB75325654A9C00A51F28 /* AlternaFoodTests */,
				736CB75E25654A9C00A51F28 /* AlternaFoodUITests */,
			);
		};
/* End PBXProject section */

/* Begin PBXResourcesBuildPhase section */
		736CB73925654A9B00A51F28 /* Resources */ = {
			isa = PBXResourcesBuildPhase;
			buildActionMask = 2147483647;
			files = (
				73895AE525656BFE00D6EC41 /* .swiftlint.yml in Resources */,
				736CB77525654B4600A51F28 /* .gitignore in Resources */,
				736CB74E25654A9C00A51F28 /* LaunchScreen.storyboard in Resources */,
				A4A6F45F2567F15A0094F278 /* Substitutos.xcassets in Resources */,
				736CB74B25654A9C00A51F28 /* Assets.xcassets in Resources */,
			);
			runOnlyForDeploymentPostprocessing = 0;
		};
		736CB75225654A9C00A51F28 /* Resources */ = {
			isa = PBXResourcesBuildPhase;
			buildActionMask = 2147483647;
			files = (
			);
			runOnlyForDeploymentPostprocessing = 0;
		};
		736CB75D25654A9C00A51F28 /* Resources */ = {
			isa = PBXResourcesBuildPhase;
			buildActionMask = 2147483647;
			files = (
			);
			runOnlyForDeploymentPostprocessing = 0;
		};
/* End PBXResourcesBuildPhase section */

/* Begin PBXShellScriptBuildPhase section */
		225BC9C9D3CE21678F1249DB /* [CP] Check Pods Manifest.lock */ = {
			isa = PBXShellScriptBuildPhase;
			buildActionMask = 2147483647;
			files = (
			);
			inputFileListPaths = (
			);
			inputPaths = (
				"${PODS_PODFILE_DIR_PATH}/Podfile.lock",
				"${PODS_ROOT}/Manifest.lock",
			);
			name = "[CP] Check Pods Manifest.lock";
			outputFileListPaths = (
			);
			outputPaths = (
				"$(DERIVED_FILE_DIR)/Pods-AlternaFoodTests-checkManifestLockResult.txt",
			);
			runOnlyForDeploymentPostprocessing = 0;
			shellPath = /bin/sh;
			shellScript = "diff \"${PODS_PODFILE_DIR_PATH}/Podfile.lock\" \"${PODS_ROOT}/Manifest.lock\" > /dev/null\nif [ $? != 0 ] ; then\n    # print error to STDERR\n    echo \"error: The sandbox is not in sync with the Podfile.lock. Run 'pod install' or update your CocoaPods installation.\" >&2\n    exit 1\nfi\n# This output is used by Xcode 'outputs' to avoid re-running this script phase.\necho \"SUCCESS\" > \"${SCRIPT_OUTPUT_FILE_0}\"\n";
			showEnvVarsInLog = 0;
		};
		732B1F942565510100FEEC4F /* ShellScript */ = {
			isa = PBXShellScriptBuildPhase;
			buildActionMask = 2147483647;
			files = (
			);
			inputFileListPaths = (
			);
			inputPaths = (
			);
			outputFileListPaths = (
			);
			outputPaths = (
			);
			runOnlyForDeploymentPostprocessing = 0;
			shellPath = /bin/sh;
			shellScript = "if which swiftlint >/dev/null; then\n  swiftlint\nelse\n  echo \"warning: SwiftLint not installed, download from https://github.com/realm/SwiftLint\"\nfi\n";
		};
		954662114C23006FF1A33B53 /* [CP] Check Pods Manifest.lock */ = {
			isa = PBXShellScriptBuildPhase;
			buildActionMask = 2147483647;
			files = (
			);
			inputFileListPaths = (
			);
			inputPaths = (
				"${PODS_PODFILE_DIR_PATH}/Podfile.lock",
				"${PODS_ROOT}/Manifest.lock",
			);
			name = "[CP] Check Pods Manifest.lock";
			outputFileListPaths = (
			);
			outputPaths = (
				"$(DERIVED_FILE_DIR)/Pods-AlternaFood-AlternaFoodUITests-checkManifestLockResult.txt",
			);
			runOnlyForDeploymentPostprocessing = 0;
			shellPath = /bin/sh;
			shellScript = "diff \"${PODS_PODFILE_DIR_PATH}/Podfile.lock\" \"${PODS_ROOT}/Manifest.lock\" > /dev/null\nif [ $? != 0 ] ; then\n    # print error to STDERR\n    echo \"error: The sandbox is not in sync with the Podfile.lock. Run 'pod install' or update your CocoaPods installation.\" >&2\n    exit 1\nfi\n# This output is used by Xcode 'outputs' to avoid re-running this script phase.\necho \"SUCCESS\" > \"${SCRIPT_OUTPUT_FILE_0}\"\n";
			showEnvVarsInLog = 0;
		};
		DF500589AF913A6B50FE33A8 /* [CP] Embed Pods Frameworks */ = {
			isa = PBXShellScriptBuildPhase;
			buildActionMask = 2147483647;
			files = (
			);
			inputFileListPaths = (
				"${PODS_ROOT}/Target Support Files/Pods-AlternaFood-AlternaFoodUITests/Pods-AlternaFood-AlternaFoodUITests-frameworks-${CONFIGURATION}-input-files.xcfilelist",
			);
			name = "[CP] Embed Pods Frameworks";
			outputFileListPaths = (
				"${PODS_ROOT}/Target Support Files/Pods-AlternaFood-AlternaFoodUITests/Pods-AlternaFood-AlternaFoodUITests-frameworks-${CONFIGURATION}-output-files.xcfilelist",
			);
			runOnlyForDeploymentPostprocessing = 0;
			shellPath = /bin/sh;
			shellScript = "\"${PODS_ROOT}/Target Support Files/Pods-AlternaFood-AlternaFoodUITests/Pods-AlternaFood-AlternaFoodUITests-frameworks.sh\"\n";
			showEnvVarsInLog = 0;
		};
		EC30E9D825B8089DD9DEB150 /* [CP] Check Pods Manifest.lock */ = {
			isa = PBXShellScriptBuildPhase;
			buildActionMask = 2147483647;
			files = (
			);
			inputFileListPaths = (
			);
			inputPaths = (
				"${PODS_PODFILE_DIR_PATH}/Podfile.lock",
				"${PODS_ROOT}/Manifest.lock",
			);
			name = "[CP] Check Pods Manifest.lock";
			outputFileListPaths = (
			);
			outputPaths = (
				"$(DERIVED_FILE_DIR)/Pods-AlternaFood-checkManifestLockResult.txt",
			);
			runOnlyForDeploymentPostprocessing = 0;
			shellPath = /bin/sh;
			shellScript = "diff \"${PODS_PODFILE_DIR_PATH}/Podfile.lock\" \"${PODS_ROOT}/Manifest.lock\" > /dev/null\nif [ $? != 0 ] ; then\n    # print error to STDERR\n    echo \"error: The sandbox is not in sync with the Podfile.lock. Run 'pod install' or update your CocoaPods installation.\" >&2\n    exit 1\nfi\n# This output is used by Xcode 'outputs' to avoid re-running this script phase.\necho \"SUCCESS\" > \"${SCRIPT_OUTPUT_FILE_0}\"\n";
			showEnvVarsInLog = 0;
		};
		F53BE7F41B9F4BA837235734 /* [CP] Embed Pods Frameworks */ = {
			isa = PBXShellScriptBuildPhase;
			buildActionMask = 2147483647;
			files = (
			);
			inputFileListPaths = (
				"${PODS_ROOT}/Target Support Files/Pods-AlternaFood/Pods-AlternaFood-frameworks-${CONFIGURATION}-input-files.xcfilelist",
			);
			name = "[CP] Embed Pods Frameworks";
			outputFileListPaths = (
				"${PODS_ROOT}/Target Support Files/Pods-AlternaFood/Pods-AlternaFood-frameworks-${CONFIGURATION}-output-files.xcfilelist",
			);
			runOnlyForDeploymentPostprocessing = 0;
			shellPath = /bin/sh;
			shellScript = "\"${PODS_ROOT}/Target Support Files/Pods-AlternaFood/Pods-AlternaFood-frameworks.sh\"\n";
			showEnvVarsInLog = 0;
		};
/* End PBXShellScriptBuildPhase section */

/* Begin PBXSourcesBuildPhase section */
		736CB73725654A9B00A51F28 /* Sources */ = {
			isa = PBXSourcesBuildPhase;
			buildActionMask = 2147483647;
			files = (
				A4A6F45A2566F5AB0094F278 /* CardCollectionViewCell.swift in Sources */,
				736CB74325654A9B00A51F28 /* ViewController.swift in Sources */,
				736CB73F25654A9B00A51F28 /* AppDelegate.swift in Sources */,
				545C3AE02566E5DA0095273A /* ViewAvulsa.swift in Sources */,
				736CB74125654A9B00A51F28 /* SceneDelegate.swift in Sources */,
				732B1F9025654E3400FEEC4F /* TabBarViewController.swift in Sources */,
				736CB74925654A9B00A51F28 /* AlternaFood.xcdatamodeld in Sources */,
				545C3AE82566E5EB0095273A /* ModelAvulsa.swift in Sources */,
			);
			runOnlyForDeploymentPostprocessing = 0;
		};
		736CB75025654A9C00A51F28 /* Sources */ = {
			isa = PBXSourcesBuildPhase;
			buildActionMask = 2147483647;
			files = (
				736CB75925654A9C00A51F28 /* AlternaFoodTests.swift in Sources */,
			);
			runOnlyForDeploymentPostprocessing = 0;
		};
		736CB75B25654A9C00A51F28 /* Sources */ = {
			isa = PBXSourcesBuildPhase;
			buildActionMask = 2147483647;
			files = (
				736CB76425654A9C00A51F28 /* AlternaFoodUITests.swift in Sources */,
			);
			runOnlyForDeploymentPostprocessing = 0;
		};
/* End PBXSourcesBuildPhase section */

/* Begin PBXTargetDependency section */
		736CB75625654A9C00A51F28 /* PBXTargetDependency */ = {
			isa = PBXTargetDependency;
			target = 736CB73A25654A9B00A51F28 /* AlternaFood */;
			targetProxy = 736CB75525654A9C00A51F28 /* PBXContainerItemProxy */;
		};
		736CB76125654A9C00A51F28 /* PBXTargetDependency */ = {
			isa = PBXTargetDependency;
			target = 736CB73A25654A9B00A51F28 /* AlternaFood */;
			targetProxy = 736CB76025654A9C00A51F28 /* PBXContainerItemProxy */;
		};
/* End PBXTargetDependency section */

/* Begin PBXVariantGroup section */
		736CB74C25654A9C00A51F28 /* LaunchScreen.storyboard */ = {
			isa = PBXVariantGroup;
			children = (
				736CB74D25654A9C00A51F28 /* Base */,
			);
			name = LaunchScreen.storyboard;
			sourceTree = "<group>";
		};
/* End PBXVariantGroup section */

/* Begin XCBuildConfiguration section */
		736CB76625654A9C00A51F28 /* Debug */ = {
			isa = XCBuildConfiguration;
			buildSettings = {
				ALWAYS_SEARCH_USER_PATHS = NO;
				CLANG_ANALYZER_NONNULL = YES;
				CLANG_ANALYZER_NUMBER_OBJECT_CONVERSION = YES_AGGRESSIVE;
				CLANG_CXX_LANGUAGE_STANDARD = "gnu++14";
				CLANG_CXX_LIBRARY = "libc++";
				CLANG_ENABLE_MODULES = YES;
				CLANG_ENABLE_OBJC_ARC = YES;
				CLANG_ENABLE_OBJC_WEAK = YES;
				CLANG_WARN_BLOCK_CAPTURE_AUTORELEASING = YES;
				CLANG_WARN_BOOL_CONVERSION = YES;
				CLANG_WARN_COMMA = YES;
				CLANG_WARN_CONSTANT_CONVERSION = YES;
				CLANG_WARN_DEPRECATED_OBJC_IMPLEMENTATIONS = YES;
				CLANG_WARN_DIRECT_OBJC_ISA_USAGE = YES_ERROR;
				CLANG_WARN_DOCUMENTATION_COMMENTS = YES;
				CLANG_WARN_EMPTY_BODY = YES;
				CLANG_WARN_ENUM_CONVERSION = YES;
				CLANG_WARN_INFINITE_RECURSION = YES;
				CLANG_WARN_INT_CONVERSION = YES;
				CLANG_WARN_NON_LITERAL_NULL_CONVERSION = YES;
				CLANG_WARN_OBJC_IMPLICIT_RETAIN_SELF = YES;
				CLANG_WARN_OBJC_LITERAL_CONVERSION = YES;
				CLANG_WARN_OBJC_ROOT_CLASS = YES_ERROR;
				CLANG_WARN_QUOTED_INCLUDE_IN_FRAMEWORK_HEADER = YES;
				CLANG_WARN_RANGE_LOOP_ANALYSIS = YES;
				CLANG_WARN_STRICT_PROTOTYPES = YES;
				CLANG_WARN_SUSPICIOUS_MOVE = YES;
				CLANG_WARN_UNGUARDED_AVAILABILITY = YES_AGGRESSIVE;
				CLANG_WARN_UNREACHABLE_CODE = YES;
				CLANG_WARN__DUPLICATE_METHOD_MATCH = YES;
				COPY_PHASE_STRIP = NO;
				DEBUG_INFORMATION_FORMAT = dwarf;
				ENABLE_STRICT_OBJC_MSGSEND = YES;
				ENABLE_TESTABILITY = YES;
				GCC_C_LANGUAGE_STANDARD = gnu11;
				GCC_DYNAMIC_NO_PIC = NO;
				GCC_NO_COMMON_BLOCKS = YES;
				GCC_OPTIMIZATION_LEVEL = 0;
				GCC_PREPROCESSOR_DEFINITIONS = (
					"DEBUG=1",
					"$(inherited)",
				);
				GCC_WARN_64_TO_32_BIT_CONVERSION = YES;
				GCC_WARN_ABOUT_RETURN_TYPE = YES_ERROR;
				GCC_WARN_UNDECLARED_SELECTOR = YES;
				GCC_WARN_UNINITIALIZED_AUTOS = YES_AGGRESSIVE;
				GCC_WARN_UNUSED_FUNCTION = YES;
				GCC_WARN_UNUSED_VARIABLE = YES;
				IPHONEOS_DEPLOYMENT_TARGET = 14.2;
				MTL_ENABLE_DEBUG_INFO = INCLUDE_SOURCE;
				MTL_FAST_MATH = YES;
				ONLY_ACTIVE_ARCH = YES;
				SDKROOT = iphoneos;
				SWIFT_ACTIVE_COMPILATION_CONDITIONS = DEBUG;
				SWIFT_OPTIMIZATION_LEVEL = "-Onone";
			};
			name = Debug;
		};
		736CB76725654A9C00A51F28 /* Release */ = {
			isa = XCBuildConfiguration;
			buildSettings = {
				ALWAYS_SEARCH_USER_PATHS = NO;
				CLANG_ANALYZER_NONNULL = YES;
				CLANG_ANALYZER_NUMBER_OBJECT_CONVERSION = YES_AGGRESSIVE;
				CLANG_CXX_LANGUAGE_STANDARD = "gnu++14";
				CLANG_CXX_LIBRARY = "libc++";
				CLANG_ENABLE_MODULES = YES;
				CLANG_ENABLE_OBJC_ARC = YES;
				CLANG_ENABLE_OBJC_WEAK = YES;
				CLANG_WARN_BLOCK_CAPTURE_AUTORELEASING = YES;
				CLANG_WARN_BOOL_CONVERSION = YES;
				CLANG_WARN_COMMA = YES;
				CLANG_WARN_CONSTANT_CONVERSION = YES;
				CLANG_WARN_DEPRECATED_OBJC_IMPLEMENTATIONS = YES;
				CLANG_WARN_DIRECT_OBJC_ISA_USAGE = YES_ERROR;
				CLANG_WARN_DOCUMENTATION_COMMENTS = YES;
				CLANG_WARN_EMPTY_BODY = YES;
				CLANG_WARN_ENUM_CONVERSION = YES;
				CLANG_WARN_INFINITE_RECURSION = YES;
				CLANG_WARN_INT_CONVERSION = YES;
				CLANG_WARN_NON_LITERAL_NULL_CONVERSION = YES;
				CLANG_WARN_OBJC_IMPLICIT_RETAIN_SELF = YES;
				CLANG_WARN_OBJC_LITERAL_CONVERSION = YES;
				CLANG_WARN_OBJC_ROOT_CLASS = YES_ERROR;
				CLANG_WARN_QUOTED_INCLUDE_IN_FRAMEWORK_HEADER = YES;
				CLANG_WARN_RANGE_LOOP_ANALYSIS = YES;
				CLANG_WARN_STRICT_PROTOTYPES = YES;
				CLANG_WARN_SUSPICIOUS_MOVE = YES;
				CLANG_WARN_UNGUARDED_AVAILABILITY = YES_AGGRESSIVE;
				CLANG_WARN_UNREACHABLE_CODE = YES;
				CLANG_WARN__DUPLICATE_METHOD_MATCH = YES;
				COPY_PHASE_STRIP = NO;
				DEBUG_INFORMATION_FORMAT = "dwarf-with-dsym";
				ENABLE_NS_ASSERTIONS = NO;
				ENABLE_STRICT_OBJC_MSGSEND = YES;
				GCC_C_LANGUAGE_STANDARD = gnu11;
				GCC_NO_COMMON_BLOCKS = YES;
				GCC_WARN_64_TO_32_BIT_CONVERSION = YES;
				GCC_WARN_ABOUT_RETURN_TYPE = YES_ERROR;
				GCC_WARN_UNDECLARED_SELECTOR = YES;
				GCC_WARN_UNINITIALIZED_AUTOS = YES_AGGRESSIVE;
				GCC_WARN_UNUSED_FUNCTION = YES;
				GCC_WARN_UNUSED_VARIABLE = YES;
				IPHONEOS_DEPLOYMENT_TARGET = 14.2;
				MTL_ENABLE_DEBUG_INFO = NO;
				MTL_FAST_MATH = YES;
				SDKROOT = iphoneos;
				SWIFT_COMPILATION_MODE = wholemodule;
				SWIFT_OPTIMIZATION_LEVEL = "-O";
				VALIDATE_PRODUCT = YES;
			};
			name = Release;
		};
		736CB76925654A9C00A51F28 /* Debug */ = {
			isa = XCBuildConfiguration;
			baseConfigurationReference = 970D70D61FDE500B93A93E17 /* Pods-AlternaFood.debug.xcconfig */;
			buildSettings = {
				ASSETCATALOG_COMPILER_APPICON_NAME = AppIcon;
				ASSETCATALOG_COMPILER_GLOBAL_ACCENT_COLOR_NAME = AccentColor;
				CODE_SIGN_STYLE = Automatic;
				DEVELOPMENT_TEAM = 38KM4K4A3R;
				INFOPLIST_FILE = AlternaFood/Info.plist;
				LD_RUNPATH_SEARCH_PATHS = (
					"$(inherited)",
					"@executable_path/Frameworks",
				);
				PRODUCT_BUNDLE_IDENTIFIER = com.leo.gomes.AlternaFood;
				PRODUCT_NAME = "$(TARGET_NAME)";
				SWIFT_VERSION = 5.0;
				TARGETED_DEVICE_FAMILY = "1,2";
			};
			name = Debug;
		};
		736CB76A25654A9C00A51F28 /* Release */ = {
			isa = XCBuildConfiguration;
			baseConfigurationReference = 762FD369B4931FC03F82714C /* Pods-AlternaFood.release.xcconfig */;
			buildSettings = {
				ASSETCATALOG_COMPILER_APPICON_NAME = AppIcon;
				ASSETCATALOG_COMPILER_GLOBAL_ACCENT_COLOR_NAME = AccentColor;
				CODE_SIGN_STYLE = Automatic;
				DEVELOPMENT_TEAM = 38KM4K4A3R;
				INFOPLIST_FILE = AlternaFood/Info.plist;
				LD_RUNPATH_SEARCH_PATHS = (
					"$(inherited)",
					"@executable_path/Frameworks",
				);
				PRODUCT_BUNDLE_IDENTIFIER = com.leo.gomes.AlternaFood;
				PRODUCT_NAME = "$(TARGET_NAME)";
				SWIFT_VERSION = 5.0;
				TARGETED_DEVICE_FAMILY = "1,2";
			};
			name = Release;
		};
		736CB76C25654A9C00A51F28 /* Debug */ = {
			isa = XCBuildConfiguration;
			baseConfigurationReference = 2031DE64EEF3D0649313E037 /* Pods-AlternaFoodTests.debug.xcconfig */;
			buildSettings = {
				ALWAYS_EMBED_SWIFT_STANDARD_LIBRARIES = YES;
				BUNDLE_LOADER = "$(TEST_HOST)";
				CODE_SIGN_STYLE = Automatic;
				DEVELOPMENT_TEAM = 38KM4K4A3R;
				INFOPLIST_FILE = AlternaFoodTests/Info.plist;
				IPHONEOS_DEPLOYMENT_TARGET = 14.2;
				LD_RUNPATH_SEARCH_PATHS = (
					"$(inherited)",
					"@executable_path/Frameworks",
					"@loader_path/Frameworks",
				);
				PRODUCT_BUNDLE_IDENTIFIER = com.leo.gomes.AlternaFoodTests;
				PRODUCT_NAME = "$(TARGET_NAME)";
				SWIFT_VERSION = 5.0;
				TARGETED_DEVICE_FAMILY = "1,2";
				TEST_HOST = "$(BUILT_PRODUCTS_DIR)/AlternaFood.app/AlternaFood";
			};
			name = Debug;
		};
		736CB76D25654A9C00A51F28 /* Release */ = {
			isa = XCBuildConfiguration;
			baseConfigurationReference = 68EAA788885F92D28359BC2F /* Pods-AlternaFoodTests.release.xcconfig */;
			buildSettings = {
				ALWAYS_EMBED_SWIFT_STANDARD_LIBRARIES = YES;
				BUNDLE_LOADER = "$(TEST_HOST)";
				CODE_SIGN_STYLE = Automatic;
				DEVELOPMENT_TEAM = 38KM4K4A3R;
				INFOPLIST_FILE = AlternaFoodTests/Info.plist;
				IPHONEOS_DEPLOYMENT_TARGET = 14.2;
				LD_RUNPATH_SEARCH_PATHS = (
					"$(inherited)",
					"@executable_path/Frameworks",
					"@loader_path/Frameworks",
				);
				PRODUCT_BUNDLE_IDENTIFIER = com.leo.gomes.AlternaFoodTests;
				PRODUCT_NAME = "$(TARGET_NAME)";
				SWIFT_VERSION = 5.0;
				TARGETED_DEVICE_FAMILY = "1,2";
				TEST_HOST = "$(BUILT_PRODUCTS_DIR)/AlternaFood.app/AlternaFood";
			};
			name = Release;
		};
		736CB76F25654A9C00A51F28 /* Debug */ = {
			isa = XCBuildConfiguration;
			baseConfigurationReference = 387A051957879E78E8EFAFAE /* Pods-AlternaFood-AlternaFoodUITests.debug.xcconfig */;
			buildSettings = {
				ALWAYS_EMBED_SWIFT_STANDARD_LIBRARIES = YES;
				CODE_SIGN_STYLE = Automatic;
				DEVELOPMENT_TEAM = 38KM4K4A3R;
				INFOPLIST_FILE = AlternaFoodUITests/Info.plist;
				LD_RUNPATH_SEARCH_PATHS = (
					"$(inherited)",
					"@executable_path/Frameworks",
					"@loader_path/Frameworks",
				);
				PRODUCT_BUNDLE_IDENTIFIER = com.leo.gomes.AlternaFoodUITests;
				PRODUCT_NAME = "$(TARGET_NAME)";
				SWIFT_VERSION = 5.0;
				TARGETED_DEVICE_FAMILY = "1,2";
				TEST_TARGET_NAME = AlternaFood;
			};
			name = Debug;
		};
		736CB77025654A9C00A51F28 /* Release */ = {
			isa = XCBuildConfiguration;
			baseConfigurationReference = 43B7FDBDB1CC35A282AC38B4 /* Pods-AlternaFood-AlternaFoodUITests.release.xcconfig */;
			buildSettings = {
				ALWAYS_EMBED_SWIFT_STANDARD_LIBRARIES = YES;
				CODE_SIGN_STYLE = Automatic;
				DEVELOPMENT_TEAM = 38KM4K4A3R;
				INFOPLIST_FILE = AlternaFoodUITests/Info.plist;
				LD_RUNPATH_SEARCH_PATHS = (
					"$(inherited)",
					"@executable_path/Frameworks",
					"@loader_path/Frameworks",
				);
				PRODUCT_BUNDLE_IDENTIFIER = com.leo.gomes.AlternaFoodUITests;
				PRODUCT_NAME = "$(TARGET_NAME)";
				SWIFT_VERSION = 5.0;
				TARGETED_DEVICE_FAMILY = "1,2";
				TEST_TARGET_NAME = AlternaFood;
			};
			name = Release;
		};
/* End XCBuildConfiguration section */

/* Begin XCConfigurationList section */
		736CB73625654A9B00A51F28 /* Build configuration list for PBXProject "AlternaFood" */ = {
			isa = XCConfigurationList;
			buildConfigurations = (
				736CB76625654A9C00A51F28 /* Debug */,
				736CB76725654A9C00A51F28 /* Release */,
			);
			defaultConfigurationIsVisible = 0;
			defaultConfigurationName = Release;
		};
		736CB76825654A9C00A51F28 /* Build configuration list for PBXNativeTarget "AlternaFood" */ = {
			isa = XCConfigurationList;
			buildConfigurations = (
				736CB76925654A9C00A51F28 /* Debug */,
				736CB76A25654A9C00A51F28 /* Release */,
			);
			defaultConfigurationIsVisible = 0;
			defaultConfigurationName = Release;
		};
		736CB76B25654A9C00A51F28 /* Build configuration list for PBXNativeTarget "AlternaFoodTests" */ = {
			isa = XCConfigurationList;
			buildConfigurations = (
				736CB76C25654A9C00A51F28 /* Debug */,
				736CB76D25654A9C00A51F28 /* Release */,
			);
			defaultConfigurationIsVisible = 0;
			defaultConfigurationName = Release;
		};
		736CB76E25654A9C00A51F28 /* Build configuration list for PBXNativeTarget "AlternaFoodUITests" */ = {
			isa = XCConfigurationList;
			buildConfigurations = (
				736CB76F25654A9C00A51F28 /* Debug */,
				736CB77025654A9C00A51F28 /* Release */,
			);
			defaultConfigurationIsVisible = 0;
			defaultConfigurationName = Release;
		};
/* End XCConfigurationList section */

/* Begin XCVersionGroup section */
		736CB74725654A9B00A51F28 /* AlternaFood.xcdatamodeld */ = {
			isa = XCVersionGroup;
			children = (
				736CB74825654A9B00A51F28 /* AlternaFood.xcdatamodel */,
			);
			currentVersion = 736CB74825654A9B00A51F28 /* AlternaFood.xcdatamodel */;
			path = AlternaFood.xcdatamodeld;
			sourceTree = "<group>";
			versionGroupType = wrapper.xcdatamodel;
		};
/* End XCVersionGroup section */
	};
	rootObject = 736CB73325654A9B00A51F28 /* Project object */;
}
