PODS:
  - Cosmos (23.0.0)
  - TinyConstraints (4.0.1)
  - TTGTagCollectionView (1.11.1)

DEPENDENCIES:
  - Cosmos
  - TinyConstraints
  - TTGTagCollectionView

SPEC REPOS:
  trunk:
    - Cosmos
    - TinyConstraints
    - TTGTagCollectionView

SPEC CHECKSUMS:
  Cosmos: b5c6a9a637e28a061b54c8f8b1d8529d7d4db73f
  TinyConstraints: 8dd91295e56797648c7bc335dd20e1d91ec4c192
  TTGTagCollectionView: 86fcbfa6a7493c9e860b01c2e693cffc8acf6de1

PODFILE CHECKSUM: f023c1893dad9c35d5a4fd297d0ab1fd4782a20d

COCOAPODS: 1.10.0
